
Microsoft Visual Studio Solution File, Format Version 12.00
# Visual Studio 15
VisualStudioVersion = 15.0.27130.2010
MinimumVisualStudioVersion = 10.0.40219.1
Project("{9A19103F-16F7-4668-BE54-9A1E7A4F7556}") = "TaskMaster", "TaskMaster\TaskMaster.csproj", "{480BFF9F-100F-4442-90B9-1D59FC9E3BD2}"
EndProject
Project("{FAE04EC0-301F-11D3-BF4B-00C04F79EFBC}") = "TaskMasterTests", "TaskMasterTests\TaskMasterTests.csproj", "{D6D1DBC0-04C7-4366-A45E-1435581905F8}"
EndProject
Global
	GlobalSection(SolutionConfigurationPlatforms) = preSolution
		Debug|Any CPU = Debug|Any CPU
		Release|Any CPU = Release|Any CPU
	EndGlobalSection
	GlobalSection(ProjectConfigurationPlatforms) = postSolution
		{480BFF9F-100F-4442-90B9-1D59FC9E3BD2}.Debug|Any CPU.ActiveCfg = Debug|Any CPU
		{480BFF9F-100F-4442-90B9-1D59FC9E3BD2}.Debug|Any CPU.Build.0 = Debug|Any CPU
		{480BFF9F-100F-4442-90B9-1D59FC9E3BD2}.Release|Any CPU.ActiveCfg = Release|Any CPU
		{480BFF9F-100F-4442-90B9-1D59FC9E3BD2}.Release|Any CPU.Build.0 = Release|Any CPU
		{D6D1DBC0-04C7-4366-A45E-1435581905F8}.Debug|Any CPU.ActiveCfg = Debug|Any CPU
		{D6D1DBC0-04C7-4366-A45E-1435581905F8}.Debug|Any CPU.Build.0 = Debug|Any CPU
		{D6D1DBC0-04C7-4366-A45E-1435581905F8}.Release|Any CPU.ActiveCfg = Release|Any CPU
		{D6D1DBC0-04C7-4366-A45E-1435581905F8}.Release|Any CPU.Build.0 = Release|Any CPU
	EndGlobalSection
	GlobalSection(SolutionProperties) = preSolution
		HideSolutionNode = FALSE
	EndGlobalSection
	GlobalSection(ExtensibilityGlobals) = postSolution
		SolutionGuid = {1E2D825A-329B-4413-A022-7E5E9D5AF36B}
	EndGlobalSection
EndGlobal
